PODS:
  - composeApp (1.0):
    - Google-Maps-iOS-Utils (= 6.1.0)
    - GoogleMaps (= 9.3.0)
  - Google-Maps-iOS-Utils (6.1.0):
    - GoogleMaps (~> 9.0)
  - GoogleMaps (9.3.0):
    - GoogleMaps/Maps (= 9.3.0)
  - GoogleMaps/Maps (9.3.0)

DEPENDENCIES:
  - composeApp (from `../composeApp`)
  - Google-Maps-iOS-Utils (= 6.1.0)
  - GoogleMaps (= 9.3.0)

SPEC REPOS:
  trunk:
    - Google-Maps-iOS-Utils
    - GoogleMaps

EXTERNAL SOURCES:
  composeApp:
    :path: "../composeApp"

SPEC CHECKSUMS:
  composeApp: c9a9e1077a02e972fe229e5190b22cfd48bba16a
  Google-Maps-iOS-Utils: 0a484b05ed21d88c9f9ebbacb007956edd508a96
  GoogleMaps: b58e9627004f47043897eeae830c3ef023678f3b

PODFILE CHECKSUM: 58892995228a765b52e6589bcc8dc681d84232b4

COCOAPODS: 1.16.2
